<?xml version="1.0" encoding="utf-8"?>
<Project ToolsVersion="4.0" xmlns="http://schemas.microsoft.com/developer/msbuild/2003">
  <ItemGroup>
    <Filter Include="Source Files">
      <UniqueIdentifier>{5c842f8c-0d21-4700-a85a-e858d02c3480}</UniqueIdentifier>
    </Filter>
    <Filter Include="Header Files">
      <UniqueIdentifier>{f6563dcb-7e8f-435c-a412-a8a84cdc97bc}</UniqueIdentifier>
    </Filter>
  </ItemGroup>
  <ItemGroup>
    <ClCompile Include="AudioStreamEncoder.cpp">
      <Filter>Source Files</Filter>
    </ClCompile>
    <ClCompile Include="VideoDecode.cpp">
      <Filter>Source Files</Filter>
    </ClCompile>
    <ClCompile Include="VideoDecoder.cpp">
      <Filter>Source Files</Filter>
    </ClCompile>
    <ClCompile Include="VideoEncoder.cpp">
      <Filter>Source Files</Filter>
    </ClCompile>
    <ClCompile Include="VideoStreamEncoder.cpp">
      <Filter>Source Files</Filter>
    </ClCompile>
  </ItemGroup>
  <ItemGroup>
    <ClInclude Include="AudioStreamEncoder.h">
      <Filter>Header Files</Filter>
    </ClInclude>
    <ClInclude Include="VideoDecode.h">
      <Filter>Header Files</Filter>
    </ClInclude>
    <ClInclude Include="VideoDecoder.h">
      <Filter>Header Files</Filter>
    </ClInclude>
    <ClInclude Include="VideoEncoder.h">
      <Filter>Header Files</Filter>
    </ClInclude>
    <ClInclude Include="VideoStreamEncoder.h">
      <Filter>Header Files</Filter>
    </ClInclude>
  </ItemGroup>
  <ItemGroup>
    <None Include="Makefile" />
  </ItemGroup>
</Project>